PODS:
  - Adjust (4.11.4):
    - Adjust/Core (= 4.11.4)
  - Adjust/Core (4.11.4)
  - Analytics (3.6.7)
  - Expecta (1.0.6)
  - Segment-Adjust (1.1.1):
    - Adjust (~> 4.10)
    - Analytics (~> 3.0)
  - Specta (1.0.6)

DEPENDENCIES:
  - Expecta
  - Segment-Adjust (from `../`)
  - Specta

EXTERNAL SOURCES:
  Segment-Adjust:
    :path: "../"

SPEC CHECKSUMS:
  Adjust: c3265d1c75916d727277aca22ac4b52072fc18d2
  Analytics: 2c09a50e3478a3a7ced08a22d00c43ba6f7011e6
  Expecta: 3b6bd90a64b9a1dcb0b70aa0e10a7f8f631667d5
  Segment-Adjust: 406707bbd8dab4b1e0e427be5ab9abfac2205f51
  Specta: f506f3a8361de16bc0dcf3b17b75e269072ba465

PODFILE CHECKSUM: 6057868ba6813120a3ab5ffee3b33af7e280bbd5

COCOAPODS: 1.2.1
